{
  "name": "delivery-micro-services",
  "lockfileVersion": 2,
  "requires": true,
  "packages": {
    "": {
      "dependencies": {
        "@tanstack/react-query": "^5.68.0",
        "@tanstack/react-query-devtools": "^5.68.0",
        "@types/react": "^19.0.10",
        "@types/react-dom": "^19.0.4",
        "typescript": "^5.8.2"
      }
    },
    "node_modules/@tanstack/query-core": {
      "version": "5.68.0",
      "resolved": "https://registry.npmjs.org/@tanstack/query-core/-/query-core-5.68.0.tgz",
      "integrity": "sha512-r8rFYYo8/sY/LNaOqX84h12w7EQev4abFXDWy4UoDVUJzJ5d9Fbmb8ayTi7ScG+V0ap44SF3vNs/45mkzDGyGw==",
      "funding": {
        "type": "github",
        "url": "https://github.com/sponsors/tannerlinsley"
      }
    },
    "node_modules/@tanstack/query-devtools": {
      "version": "5.67.2",
      "resolved": "https://registry.npmjs.org/@tanstack/query-devtools/-/query-devtools-5.67.2.tgz",
      "integrity": "sha512-O4QXFFd7xqp6EX7sdvc9tsVO8nm4lpWBqwpgjpVLW5g7IeOY6VnS/xvs/YzbRhBVkKTMaJMOUGU7NhSX+YGoNg==",
      "funding": {
        "type": "github",
        "url": "https://github.com/sponsors/tannerlinsley"
      }
    },
    "node_modules/@tanstack/react-query": {
      "version": "5.68.0",
      "resolved": "https://registry.npmjs.org/@tanstack/react-query/-/react-query-5.68.0.tgz",
      "integrity": "sha512-mMOdGDKlwTP/WV72QqSNf4PAMeoBp/DqBHQ222wBfb51Looi8QUqnCnb9O98ZgvNISmy6fzxRGBJdZ+9IBvX2Q==",
      "dependencies": {
        "@tanstack/query-core": "5.68.0"
      },
      "funding": {
        "type": "github",
        "url": "https://github.com/sponsors/tannerlinsley"
      },
      "peerDependencies": {
        "react": "^18 || ^19"
      }
    },
    "node_modules/@tanstack/react-query-devtools": {
      "version": "5.68.0",
      "resolved": "https://registry.npmjs.org/@tanstack/react-query-devtools/-/react-query-devtools-5.68.0.tgz",
      "integrity": "sha512-h9ArHkfa7SD5eGnJ9h+9M5uYWBdeVeY+WalrtGLCAtJJvHx6/RrtbbzxeoEQbPyx3f0kPcwJ58DGQ+7CBXelpg==",
      "dependencies": {
        "@tanstack/query-devtools": "5.67.2"
      },
      "funding": {
        "type": "github",
        "url": "https://github.com/sponsors/tannerlinsley"
      },
      "peerDependencies": {
        "@tanstack/react-query": "^5.68.0",
        "react": "^18 || ^19"
      }
    },
    "node_modules/@types/react": {
      "version": "19.0.10",
      "resolved": "https://registry.npmjs.org/@types/react/-/react-19.0.10.tgz",
      "integrity": "sha512-JuRQ9KXLEjaUNjTWpzuR231Z2WpIwczOkBEIvbHNCzQefFIT0L8IqE6NV6ULLyC1SI/i234JnDoMkfg+RjQj2g==",
      "dependencies": {
        "csstype": "^3.0.2"
      }
    },
    "node_modules/@types/react-dom": {
      "version": "19.0.4",
      "resolved": "https://registry.npmjs.org/@types/react-dom/-/react-dom-19.0.4.tgz",
      "integrity": "sha512-4fSQ8vWFkg+TGhePfUzVmat3eC14TXYSsiiDSLI0dVLsrm9gZFABjPy/Qu6TKgl1tq1Bu1yDsuQgY3A3DOjCcg==",
      "peerDependencies": {
        "@types/react": "^19.0.0"
      }
    },
    "node_modules/csstype": {
      "version": "3.1.3",
      "resolved": "https://registry.npmjs.org/csstype/-/csstype-3.1.3.tgz",
      "integrity": "sha512-M1uQkMl8rQK/szD0LNhtqxIPLpimGm8sOBwU7lLnCpSbTyY3yeU1Vc7l4KT5zT4s/yOxHH5O7tIuuLOCnLADRw=="
    },
    "node_modules/react": {
      "version": "19.0.0",
      "resolved": "https://registry.npmjs.org/react/-/react-19.0.0.tgz",
      "integrity": "sha512-V8AVnmPIICiWpGfm6GLzCR/W5FXLchHop40W4nXBmdlEceh16rCN8O8LNWm5bh5XUX91fh7KpA+W0TgMKmgTpQ==",
      "peer": true,
      "engines": {
        "node": ">=0.10.0"
      }
    },
    "node_modules/typescript": {
      "version": "5.8.2",
      "resolved": "https://registry.npmjs.org/typescript/-/typescript-5.8.2.tgz",
      "integrity": "sha512-aJn6wq13/afZp/jT9QZmwEjDqqvSGp1VT5GVg+f/t6/oVyrgXM6BY1h9BRh/O5p3PlUPAe+WuiEZOmb/49RqoQ==",
      "bin": {
        "tsc": "bin/tsc",
        "tsserver": "bin/tsserver"
      },
      "engines": {
        "node": ">=14.17"
      }
    }
  },
  "dependencies": {
    "@tanstack/query-core": {
      "version": "5.68.0",
      "resolved": "https://registry.npmjs.org/@tanstack/query-core/-/query-core-5.68.0.tgz",
      "integrity": "sha512-r8rFYYo8/sY/LNaOqX84h12w7EQev4abFXDWy4UoDVUJzJ5d9Fbmb8ayTi7ScG+V0ap44SF3vNs/45mkzDGyGw=="
    },
    "@tanstack/query-devtools": {
      "version": "5.67.2",
      "resolved": "https://registry.npmjs.org/@tanstack/query-devtools/-/query-devtools-5.67.2.tgz",
      "integrity": "sha512-O4QXFFd7xqp6EX7sdvc9tsVO8nm4lpWBqwpgjpVLW5g7IeOY6VnS/xvs/YzbRhBVkKTMaJMOUGU7NhSX+YGoNg=="
    },
    "@tanstack/react-query": {
      "version": "5.68.0",
      "resolved": "https://registry.npmjs.org/@tanstack/react-query/-/react-query-5.68.0.tgz",
      "integrity": "sha512-mMOdGDKlwTP/WV72QqSNf4PAMeoBp/DqBHQ222wBfb51Looi8QUqnCnb9O98ZgvNISmy6fzxRGBJdZ+9IBvX2Q==",
      "requires": {
        "@tanstack/query-core": "5.68.0"
      }
    },
    "@tanstack/react-query-devtools": {
      "version": "5.68.0",
      "resolved": "https://registry.npmjs.org/@tanstack/react-query-devtools/-/react-query-devtools-5.68.0.tgz",
      "integrity": "sha512-h9ArHkfa7SD5eGnJ9h+9M5uYWBdeVeY+WalrtGLCAtJJvHx6/RrtbbzxeoEQbPyx3f0kPcwJ58DGQ+7CBXelpg==",
      "requires": {
        "@tanstack/query-devtools": "5.67.2"
      }
    },
    "@types/react": {
      "version": "19.0.10",
      "resolved": "https://registry.npmjs.org/@types/react/-/react-19.0.10.tgz",
      "integrity": "sha512-JuRQ9KXLEjaUNjTWpzuR231Z2WpIwczOkBEIvbHNCzQefFIT0L8IqE6NV6ULLyC1SI/i234JnDoMkfg+RjQj2g==",
      "requires": {
        "csstype": "^3.0.2"
      }
    },
    "@types/react-dom": {
      "version": "19.0.4",
      "resolved": "https://registry.npmjs.org/@types/react-dom/-/react-dom-19.0.4.tgz",
      "integrity": "sha512-4fSQ8vWFkg+TGhePfUzVmat3eC14TXYSsiiDSLI0dVLsrm9gZFABjPy/Qu6TKgl1tq1Bu1yDsuQgY3A3DOjCcg==",
      "requires": {}
    },
    "csstype": {
      "version": "3.1.3",
      "resolved": "https://registry.npmjs.org/csstype/-/csstype-3.1.3.tgz",
      "integrity": "sha512-M1uQkMl8rQK/szD0LNhtqxIPLpimGm8sOBwU7lLnCpSbTyY3yeU1Vc7l4KT5zT4s/yOxHH5O7tIuuLOCnLADRw=="
    },
    "react": {
      "version": "19.0.0",
      "resolved": "https://registry.npmjs.org/react/-/react-19.0.0.tgz",
      "integrity": "sha512-V8AVnmPIICiWpGfm6GLzCR/W5FXLchHop40W4nXBmdlEceh16rCN8O8LNWm5bh5XUX91fh7KpA+W0TgMKmgTpQ==",
      "peer": true
    },
    "typescript": {
      "version": "5.8.2",
      "resolved": "https://registry.npmjs.org/typescript/-/typescript-5.8.2.tgz",
      "integrity": "sha512-aJn6wq13/afZp/jT9QZmwEjDqqvSGp1VT5GVg+f/t6/oVyrgXM6BY1h9BRh/O5p3PlUPAe+WuiEZOmb/49RqoQ=="
    }
  }
}
